
Microsoft Visual Studio Solution File, Format Version 12.00
# Visual Studio Version 17
VisualStudioVersion = 17.9.34728.123
MinimumVisualStudioVersion = 10.0.40219.1
Project("{FAE04EC0-301F-11D3-BF4B-00C04F79EFBC}") = "Caro2", "Caro2\Caro2.csproj", "{D59D4417-73F8-435D-A11E-B33C9B01F82D}"
EndProject
Global
	GlobalSection(SolutionConfigurationPlatforms) = preSolution
		Debug|Any CPU = Debug|Any CPU
		Release|Any CPU = Release|Any CPU
	EndGlobalSection
	GlobalSection(ProjectConfigurationPlatforms) = postSolution
		{D59D4417-73F8-435D-A11E-B33C9B01F82D}.Debug|Any CPU.ActiveCfg = Debug|Any CPU
		{D59D4417-73F8-435D-A11E-B33C9B01F82D}.Debug|Any CPU.Build.0 = Debug|Any CPU
		{D59D4417-73F8-435D-A11E-B33C9B01F82D}.Release|Any CPU.ActiveCfg = Release|Any CPU
		{D59D4417-73F8-435D-A11E-B33C9B01F82D}.Release|Any CPU.Build.0 = Release|Any CPU
	EndGlobalSection
	GlobalSection(SolutionProperties) = preSolution
		HideSolutionNode = FALSE
	EndGlobalSection
	GlobalSection(ExtensibilityGlobals) = postSolution
		SolutionGuid = {C4AA8944-3FBB-4869-B322-4CD1024E795C}
	EndGlobalSection
EndGlobal
